[[package]]
name = "certifi"
version = "2021.10.8"
description = "Python package for providing Mozilla's CA Bundle."
category = "main"
optional = false
python-versions = "*"

[[package]]
name = "elastic-apm"
version = "6.5.0"
description = "The official Python module for Elastic APM"
category = "main"
optional = false
python-versions = "<4,>=3.6"

[package.dependencies]
certifi = "*"
urllib3 = "*"

[package.extras]
aiohttp = ["aiohttp"]
flask = ["blinker"]
opentracing = ["opentracing (>=2.0.0)"]
starlette = ["starlette"]
tornado = ["tornado"]

[[package]]
name = "falcon"
version = "3.0.1"
description = "An unladen web framework for building APIs and app backends."
category = "main"
optional = false
python-versions = ">=3.5"

[[package]]
name = "urllib3"
version = "1.26.7"
description = "HTTP library with thread-safe connection pooling, file post, and more."
category = "main"
optional = false
python-versions = ">=2.7, !=3.0.*, !=3.1.*, !=3.2.*, !=3.3.*, !=3.4.*, <4"

[package.extras]
brotli = ["brotlipy (>=0.6.0)"]
secure = ["pyOpenSSL (>=0.14)", "cryptography (>=1.3.4)", "idna (>=2.0.0)", "certifi", "ipaddress"]
socks = ["PySocks (>=1.5.6,!=1.5.7,<2.0)"]

[metadata]
lock-version = "1.1"
python-versions = "^3.9"
content-hash = "b84c64bad8160526c61b4f759799e87f872c9815574e4350f18684e2291fe3ae"

[metadata.files]
certifi = [
    {file = "certifi-2021.10.8-py2.py3-none-any.whl", hash = "sha256:d62a0163eb4c2344ac042ab2bdf75399a71a2d8c7d47eac2e2ee91b9d6339569"},
    {file = "certifi-2021.10.8.tar.gz", hash = "sha256:78884e7c1d4b00ce3cea67b44566851c4343c120abd683433ce934a68ea58872"},
]
elastic-apm = [
    {file = "elastic-apm-6.5.0.tar.gz", hash = "sha256:1397d6ff2b817ab50282e43d27d636ad39fe37220f2c318eaaac3aaf057d79dd"},
    {file = "elastic_apm-6.5.0-cp310-cp310-manylinux_2_5_i686.manylinux1_i686.manylinux_2_12_i686.manylinux2010_i686.whl", hash = "sha256:be077c0260cb1d55ed4a1663e1e018b515646d01df2100f424f64945a9fd4980"},
    {file = "elastic_apm-6.5.0-cp310-cp310-manylinux_2_5_x86_64.manylinux1_x86_64.manylinux_2_12_x86_64.manylinux2010_x86_64.whl", hash = "sha256:4bd895563469366fdd9e2fb9387dd500179a54cb127ebef2257efdf9577f091b"},
    {file = "elastic_apm-6.5.0-cp36-cp36m-manylinux_2_5_i686.manylinux1_i686.manylinux_2_12_i686.manylinux2010_i686.whl", hash = "sha256:6d6d65069755f3e2491c39d8fb9ac49914cded5d442349afb33587d75f1af623"},
    {file = "elastic_apm-6.5.0-cp36-cp36m-manylinux_2_5_x86_64.manylinux1_x86_64.manylinux_2_12_x86_64.manylinux2010_x86_64.whl", hash = "sha256:68693bcc104cd5d1316b3c66e7cc5f02cf3c56da7a068ac4e139c9ebdba36944"},
    {file = "elastic_apm-6.5.0-cp37-cp37m-manylinux_2_5_i686.manylinux1_i686.manylinux_2_12_i686.manylinux2010_i686.whl", hash = "sha256:88e16177eb62465d13d6ec93e4558ccae54ddfb58d9f5c9e9af38c991537ee4c"},
    {file = "elastic_apm-6.5.0-cp37-cp37m-manylinux_2_5_x86_64.manylinux1_x86_64.manylinux_2_12_x86_64.manylinux2010_x86_64.whl", hash = "sha256:f6d3e5aefdaf6f8da42e24d53bb3a2f20a73e6b81f2357221ec7013e94e5b113"},
    {file = "elastic_apm-6.5.0-cp38-cp38-manylinux_2_5_i686.manylinux1_i686.manylinux_2_12_i686.manylinux2010_i686.whl", hash = "sha256:3d0b5a61cfa040cdfde84241510c30d4364e1c742215f8d938cf9d3a9161c5cc"},
    {file = "elastic_apm-6.5.0-cp38-cp38-manylinux_2_5_x86_64.manylinux1_x86_64.manylinux_2_12_x86_64.manylinux2010_x86_64.whl", hash = "sha256:a5c37ae764242c3f66c20c06786c8e39a2b937c1b5b7c15272fefd5ea8c52e87"},
    {file = "elastic_apm-6.5.0-cp39-cp39-manylinux_2_5_i686.manylinux1_i686.manylinux_2_12_i686.manylinux2010_i686.whl", hash = "sha256:adea5d1077887efab5479576e76e722d5edddce98f321bb04248f2510d638480"},
    {file = "elastic_apm-6.5.0-cp39-cp39-manylinux_2_5_x86_64.manylinux1_x86_64.manylinux_2_12_x86_64.manylinux2010_x86_64.whl", hash = "sha256:90eae5dd2a3943db416c10ff61d89a6584306b3ba0be3174e4718a4c14b41e80"},
]
falcon = [
    {file = "falcon-3.0.1-cp35-cp35m-macosx_10_14_x86_64.whl", hash = "sha256:94fb4582212768ac425d023b7884e60d09a0bd4c5cd50ca8af0272af1cba5da6"},
    {file = "falcon-3.0.1-cp35-cp35m-win_amd64.whl", hash = "sha256:56b267fa2df7e0400a639cf40a994baac19170425b0b8bbad5a8a81e07f9717d"},
    {file = "falcon-3.0.1-cp36-cp36m-macosx_10_14_x86_64.whl", hash = "sha256:085b30b09ff4bdb31fda0a83a65f427d8dd4b5b5b21058781c38aff9747b5991"},
    {file = "falcon-3.0.1-cp36-cp36m-manylinux_2_17_aarch64.manylinux2014_aarch64.whl", hash = "sha256:65b1798026e3dbd2d323fa9b03f90e3827be4fe0d3c1f9e3ba3d4a7a001de566"},
    {file = "falcon-3.0.1-cp36-cp36m-manylinux_2_17_s390x.manylinux2014_s390x.whl", hash = "sha256:f1f70c6f086c53b0cc819a0725d3814ad62e105b62d4c4e2c46322f13e7910e7"},
    {file = "falcon-3.0.1-cp36-cp36m-manylinux_2_17_x86_64.manylinux2014_x86_64.whl", hash = "sha256:93ec7fc600ffee2377beeeeca32d8171ff305e9267bcd37bba5a7ce8af1e177f"},
    {file = "falcon-3.0.1-cp36-cp36m-manylinux_2_5_x86_64.manylinux1_x86_64.manylinux_2_12_x86_64.manylinux2010_x86_64.whl", hash = "sha256:a9d5be8902e977ac93aeebf2b8959e2c3d82783d7ea6a1fc80cef5352b83549b"},
    {file = "falcon-3.0.1-cp36-cp36m-win_amd64.whl", hash = "sha256:a95b6a373b8f6014b0bc7090b1de031c9d237007211ef55a19b60241cf728e61"},
    {file = "falcon-3.0.1-cp37-cp37m-macosx_10_14_x86_64.whl", hash = "sha256:260645c13d477af434fc200ec67734efc41e620b3f6e0479e722897511166b46"},
    {file = "falcon-3.0.1-cp37-cp37m-manylinux_2_17_aarch64.manylinux2014_aarch64.whl", hash = "sha256:485ef504d196390ebc0974cefd3f5fab4ad8a3ede4e5a7c0a803f555bcd8da45"},
    {file = "falcon-3.0.1-cp37-cp37m-manylinux_2_17_s390x.manylinux2014_s390x.whl", hash = "sha256:b1280db58c2af48b1ba24e39674fb6d84389eff5c4772a327a5af606eeead272"},
    {file = "falcon-3.0.1-cp37-cp37m-manylinux_2_17_x86_64.manylinux2014_x86_64.whl", hash = "sha256:ff4672f3549b00b62e710d3169903d14e37726f04045a0563b56d9af3fba271d"},
    {file = "falcon-3.0.1-cp37-cp37m-manylinux_2_5_x86_64.manylinux1_x86_64.manylinux_2_12_x86_64.manylinux2010_x86_64.whl", hash = "sha256:1bdf8085877bd049f799a34680d42fa82e2b93dcf8320d092f7e75933d0afcee"},
    {file = "falcon-3.0.1-cp37-cp37m-win_amd64.whl", hash = "sha256:16f8735512af3f52473e3eda37e75bf697f6ced5afc3e9dc7110c430777823ab"},
    {file = "falcon-3.0.1-cp38-cp38-macosx_10_14_x86_64.whl", hash = "sha256:3710b051f54c158310b45b1432a993803cdccb3e167d3e89aa93076ff77d2673"},
    {file = "falcon-3.0.1-cp38-cp38-manylinux_2_17_aarch64.manylinux2014_aarch64.whl", hash = "sha256:fa46751209af4f4882d3d60e430ea586e170bc03e1bd5b08cb16f6b96068febc"},
    {file = "falcon-3.0.1-cp38-cp38-manylinux_2_17_s390x.manylinux2014_s390x.whl", hash = "sha256:e6afb13a80b6a4383a66093af7bb0e8e02433ca5ebc7516842a6a3f112c844ae"},
    {file = "falcon-3.0.1-cp38-cp38-manylinux_2_17_x86_64.manylinux2014_x86_64.whl", hash = "sha256:0212df91414c13c08a9cf4023488b2d47956712f712332f420bb0c7bdf39c6fa"},
    {file = "falcon-3.0.1-cp38-cp38-manylinux_2_5_x86_64.manylinux1_x86_64.manylinux_2_12_x86_64.manylinux2010_x86_64.whl", hash = "sha256:0df4dee0ef89b4de5e2ba4402ac249942b09758a0decdc7a63d5edb3792c4c1c"},
    {file = "falcon-3.0.1-cp38-cp38-win_amd64.whl", hash = "sha256:c9a3cf58f9f3c9769bff3b24037b150c9f6658df4c899d68fa433f5acdfdb004"},
    {file = "falcon-3.0.1-cp39-cp39-macosx_10_14_x86_64.whl", hash = "sha256:514dee9b6d66408e43fcef9aef2436004cd2e3163625f194dd064fce67269cce"},
    {file = "falcon-3.0.1-cp39-cp39-manylinux_2_17_aarch64.manylinux2014_aarch64.whl", hash = "sha256:ce052e91b8325a76ddc2066e35bb032e0be4671cd824f027d1826c68a0fd09e3"},
    {file = "falcon-3.0.1-cp39-cp39-manylinux_2_17_s390x.manylinux2014_s390x.whl", hash = "sha256:d6c7f9b2063a4c0ac2516df014c5299ae098579e83025d342f31fe1ef8e994d7"},
    {file = "falcon-3.0.1-cp39-cp39-manylinux_2_17_x86_64.manylinux2014_x86_64.whl", hash = "sha256:ee78a9934f8143c5eef9bfe949044c7eab3fef80a51cbc67cf6cb6b34c5613ce"},
    {file = "falcon-3.0.1-cp39-cp39-manylinux_2_5_x86_64.manylinux1_x86_64.manylinux_2_12_x86_64.manylinux2010_x86_64.whl", hash = "sha256:a70fc0f9f115e763effdf9fc6140a2b5df9f37bd2707f3b29e0a1357dbf53784"},
    {file = "falcon-3.0.1-cp39-cp39-win_amd64.whl", hash = "sha256:c3abcd37545de531e7dada4113c88f01e86c7596c7c59300769d64ea7771a75e"},
    {file = "falcon-3.0.1.tar.gz", hash = "sha256:c41d84db325881a870e8b7129d5ecfd972fa4323cf77b7119a1d2a21966ee681"},
]
urllib3 = [
    {file = "urllib3-1.26.7-py2.py3-none-any.whl", hash = "sha256:c4fdf4019605b6e5423637e01bc9fe4daef873709a7973e195ceba0a62bbc844"},
    {file = "urllib3-1.26.7.tar.gz", hash = "sha256:4987c65554f7a2dbf30c18fd48778ef124af6fab771a377103da0585e2336ece"},
]
